// !$*UTF8*$!
{
	archiveVersion = 1;
	classes = {
	};
	objectVersion = 50;
	objects = {

/* Begin PBXBuildFile section */
		7304489D216B8E43006B233A /* AppDelegate.swift in Sources */ = {isa = PBXBuildFile; fileRef = 7304489C216B8E43006B233A /* AppDelegate.swift */; };
		7304489F216B8E43006B233A /* FirstViewController.swift in Sources */ = {isa = PBXBuildFile; fileRef = 7304489E216B8E43006B233A /* FirstViewController.swift */; };
		730448A1216B8E43006B233A /* SecondViewController.swift in Sources */ = {isa = PBXBuildFile; fileRef = 730448A0216B8E43006B233A /* SecondViewController.swift */; };
		730448A4216B8E43006B233A /* Main.storyboard in Resources */ = {isa = PBXBuildFile; fileRef = 730448A2216B8E43006B233A /* Main.storyboard */; };
		730448A6216B8E45006B233A /* Assets.xcassets in Resources */ = {isa = PBXBuildFile; fileRef = 730448A5216B8E45006B233A /* Assets.xcassets */; };
		730448A9216B8E45006B233A /* LaunchScreen.storyboard in Resources */ = {isa = PBXBuildFile; fileRef = 730448A7216B8E45006B233A /* LaunchScreen.storyboard */; };
		73C20983216CBC0800C3AB41 /* ListAddressData.swift in Sources */ = {isa = PBXBuildFile; fileRef = 73C20982216CBC0800C3AB41 /* ListAddressData.swift */; };
/* End PBXBuildFile section */

/* Begin PBXFileReference section */
		73044899216B8E43006B233A /* DAY05.app */ = {isa = PBXFileReference; explicitFileType = wrapper.application; includeInIndex = 0; path = DAY05.app; sourceTree = BUILT_PRODUCTS_DIR; };
		7304489C216B8E43006B233A /* AppDelegate.swift */ = {isa = PBXFileReference; lastKnownFileType = sourcecode.swift; path = AppDelegate.swift; sourceTree = "<group>"; };
		7304489E216B8E43006B233A /* FirstViewController.swift */ = {isa = PBXFileReference; lastKnownFileType = sourcecode.swift; path = FirstViewController.swift; sourceTree = "<group>"; };
		730448A0216B8E43006B233A /* SecondViewController.swift */ = {isa = PBXFileReference; lastKnownFileType = sourcecode.swift; path = SecondViewController.swift; sourceTree = "<group>"; };
		730448A3216B8E43006B233A /* Base */ = {isa = PBXFileReference; lastKnownFileType = file.storyboard; name = Base; path = Base.lproj/Main.storyboard; sourceTree = "<group>"; };
		730448A5216B8E45006B233A /* Assets.xcassets */ = {isa = PBXFileReference; lastKnownFileType = folder.assetcatalog; path = Assets.xcassets; sourceTree = "<group>"; };
		730448A8216B8E45006B233A /* Base */ = {isa = PBXFileReference; lastKnownFileType = file.storyboard; name = Base; path = Base.lproj/LaunchScreen.storyboard; sourceTree = "<group>"; };
		730448AA216B8E45006B233A /* Info.plist */ = {isa = PBXFileReference; lastKnownFileType = text.plist.xml; path = Info.plist; sourceTree = "<group>"; };
		73C20982216CBC0800C3AB41 /* ListAddressData.swift */ = {isa = PBXFileReference; lastKnownFileType = sourcecode.swift; path = ListAddressData.swift; sourceTree = "<group>"; };
/* End PBXFileReference section */

/* Begin PBXFrameworksBuildPhase section */
		73044896216B8E43006B233A /* Frameworks */ = {
			isa = PBXFrameworksBuildPhase;
			buildActionMask = 2147483647;
			files = (
			);
			runOnlyForDeploymentPostprocessing = 0;
		};
/* End PBXFrameworksBuildPhase section */

/* Begin PBXGroup section */
		73044890216B8E43006B233A = {
			isa = PBXGroup;
			children = (
				7304489B216B8E43006B233A /* DAY05 */,
				7304489A216B8E43006B233A /* Products */,
			);
			sourceTree = "<group>";
		};
		7304489A216B8E43006B233A /* Products */ = {
			isa = PBXGroup;
			children = (
				73044899216B8E43006B233A /* DAY05.app */,
			);
			name = Products;
			sourceTree = "<group>";
		};
		7304489B216B8E43006B233A /* DAY05 */ = {
			isa = PBXGroup;
			children = (
				7304489C216B8E43006B233A /* AppDelegate.swift */,
				7304489E216B8E43006B233A /* FirstViewController.swift */,
				730448A0216B8E43006B233A /* SecondViewController.swift */,
				730448A2216B8E43006B233A /* Main.storyboard */,
				730448A5216B8E45006B233A /* Assets.xcassets */,
				730448A7216B8E45006B233A /* LaunchScreen.storyboard */,
				730448AA216B8E45006B233A /* Info.plist */,
				73C20982216CBC0800C3AB41 /* ListAddressData.swift */,
			);
			path = DAY05;
			sourceTree = "<group>";
		};
/* End PBXGroup section */

/* Begin PBXNativeTarget section */
		73044898216B8E43006B233A /* DAY05 */ = {
			isa = PBXNativeTarget;
			buildConfigurationList = 730448AD216B8E45006B233A /* Build configuration list for PBXNativeTarget "DAY05" */;
			buildPhases = (
				73044895216B8E43006B233A /* Sources */,
				73044896216B8E43006B233A /* Frameworks */,
				73044897216B8E43006B233A /* Resources */,
			);
			buildRules = (
			);
			dependencies = (
			);
			name = DAY05;
			productName = DAY05;
			productReference = 73044899216B8E43006B233A /* DAY05.app */;
			productType = "com.apple.product-type.application";
		};
/* End PBXNativeTarget section */

/* Begin PBXProject section */
		73044891216B8E43006B233A /* Project object */ = {
			isa = PBXProject;
			attributes = {
				LastSwiftUpdateCheck = 0940;
				LastUpgradeCheck = 0940;
				ORGANIZATIONNAME = "Andile MKHUMA";
				TargetAttributes = {
					73044898216B8E43006B233A = {
						CreatedOnToolsVersion = 9.4.1;
					};
				};
			};
			buildConfigurationList = 73044894216B8E43006B233A /* Build configuration list for PBXProject "DAY05" */;
			compatibilityVersion = "Xcode 9.3";
			developmentRegion = en;
			hasScannedForEncodings = 0;
			knownRegions = (
				en,
				Base,
			);
			mainGroup = 73044890216B8E43006B233A;
			productRefGroup = 7304489A216B8E43006B233A /* Products */;
			projectDirPath = "";
			projectRoot = "";
			targets = (
				73044898216B8E43006B233A /* DAY05 */,
			);
		};
/* End PBXProject section */

/* Begin PBXResourcesBuildPhase section */
		73044897216B8E43006B233A /* Resources */ = {
			isa = PBXResourcesBuildPhase;
			buildActionMask = 2147483647;
			files = (
				730448A9216B8E45006B233A /* LaunchScreen.storyboard in Resources */,
				730448A6216B8E45006B233A /* Assets.xcassets in Resources */,
				730448A4216B8E43006B233A /* Main.storyboard in Resources */,
			);
			runOnlyForDeploymentPostprocessing = 0;
		};
/* End PBXResourcesBuildPhase section */

/* Begin PBXSourcesBuildPhase section */
		73044895216B8E43006B233A /* Sources */ = {
			isa = PBXSourcesBuildPhase;
			buildActionMask = 2147483647;
			files = (
				73C20983216CBC0800C3AB41 /* ListAddressData.swift in Sources */,
				730448A1216B8E43006B233A /* SecondViewController.swift in Sources */,
				7304489D216B8E43006B233A /* AppDelegate.swift in Sources */,
				7304489F216B8E43006B233A /* FirstViewController.swift in Sources */,
			);
			runOnlyForDeploymentPostprocessing = 0;
		};
/* End PBXSourcesBuildPhase section */

/* Begin PBXVariantGroup section */
		730448A2216B8E43006B233A /* Main.storyboard */ = {
			isa = PBXVariantGroup;
			children = (
				730448A3216B8E43006B233A /* Base */,
			);
			name = Main.storyboard;
			sourceTree = "<group>";
		};
		730448A7216B8E45006B233A /* LaunchScreen.storyboard */ = {
			isa = PBXVariantGroup;
			children = (
				730448A8216B8E45006B233A /* Base */,
			);
			name = LaunchScreen.storyboard;
			sourceTree = "<group>";
		};
/* End PBXVariantGroup section */

/* Begin XCBuildConfiguration section */
		730448AB216B8E45006B233A /* Debug */ = {
			isa = XCBuildConfiguration;
			buildSettings = {
				ALWAYS_SEARCH_USER_PATHS = NO;
				CLANG_ANALYZER_NONNULL = YES;
				CLANG_ANALYZER_NUMBER_OBJECT_CONVERSION = YES_AGGRESSIVE;
				CLANG_CXX_LANGUAGE_STANDARD = "gnu++14";
				CLANG_CXX_LIBRARY = "libc++";
				CLANG_ENABLE_MODULES = YES;
				CLANG_ENABLE_OBJC_ARC = YES;
				CLANG_ENABLE_OBJC_WEAK = YES;
				CLANG_WARN_BLOCK_CAPTURE_AUTORELEASING = YES;
				CLANG_WARN_BOOL_CONVERSION = YES;
				CLANG_WARN_COMMA = YES;
				CLANG_WARN_CONSTANT_CONVERSION = YES;
				CLANG_WARN_DEPRECATED_OBJC_IMPLEMENTATIONS = YES;
				CLANG_WARN_DIRECT_OBJC_ISA_USAGE = YES_ERROR;
				CLANG_WARN_DOCUMENTATION_COMMENTS = YES;
				CLANG_WARN_EMPTY_BODY = YES;
				CLANG_WARN_ENUM_CONVERSION = YES;
				CLANG_WARN_INFINITE_RECURSION = YES;
				CLANG_WARN_INT_CONVERSION = YES;
				CLANG_WARN_NON_LITERAL_NULL_CONVERSION = YES;
				CLANG_WARN_OBJC_IMPLICIT_RETAIN_SELF = YES;
				CLANG_WARN_OBJC_LITERAL_CONVERSION = YES;
				CLANG_WARN_OBJC_ROOT_CLASS = YES_ERROR;
				CLANG_WARN_RANGE_LOOP_ANALYSIS = YES;
				CLANG_WARN_STRICT_PROTOTYPES = YES;
				CLANG_WARN_SUSPICIOUS_MOVE = YES;
				CLANG_WARN_UNGUARDED_AVAILABILITY = YES_AGGRESSIVE;
				CLANG_WARN_UNREACHABLE_CODE = YES;
				CLANG_WARN__DUPLICATE_METHOD_MATCH = YES;
				CODE_SIGN_IDENTITY = "iPhone Developer";
				COPY_PHASE_STRIP = NO;
				DEBUG_INFORMATION_FORMAT = dwarf;
				ENABLE_STRICT_OBJC_MSGSEND = YES;
				ENABLE_TESTABILITY = YES;
				GCC_C_LANGUAGE_STANDARD = gnu11;
				GCC_DYNAMIC_NO_PIC = NO;
				GCC_NO_COMMON_BLOCKS = YES;
				GCC_OPTIMIZATION_LEVEL = 0;
				GCC_PREPROCESSOR_DEFINITIONS = (
					"DEBUG=1",
					"$(inherited)",
				);
				GCC_WARN_64_TO_32_BIT_CONVERSION = YES;
				GCC_WARN_ABOUT_RETURN_TYPE = YES_ERROR;
				GCC_WARN_UNDECLARED_SELECTOR = YES;
				GCC_WARN_UNINITIALIZED_AUTOS = YES_AGGRESSIVE;
				GCC_WARN_UNUSED_FUNCTION = YES;
				GCC_WARN_UNUSED_VARIABLE = YES;
				IPHONEOS_DEPLOYMENT_TARGET = 11.4;
				MTL_ENABLE_DEBUG_INFO = YES;
				ONLY_ACTIVE_ARCH = YES;
				SDKROOT = iphoneos;
				SWIFT_ACTIVE_COMPILATION_CONDITIONS = DEBUG;
				SWIFT_OPTIMIZATION_LEVEL = "-Onone";
			};
			name = Debug;
		};
		730448AC216B8E45006B233A /* Release */ = {
			isa = XCBuildConfiguration;
			buildSettings = {
				ALWAYS_SEARCH_USER_PATHS = NO;
				CLANG_ANALYZER_NONNULL = YES;
				CLANG_ANALYZER_NUMBER_OBJECT_CONVERSION = YES_AGGRESSIVE;
				CLANG_CXX_LANGUAGE_STANDARD = "gnu++14";
				CLANG_CXX_LIBRARY = "libc++";
				CLANG_ENABLE_MODULES = YES;
				CLANG_ENABLE_OBJC_ARC = YES;
				CLANG_ENABLE_OBJC_WEAK = YES;
				CLANG_WARN_BLOCK_CAPTURE_AUTORELEASING = YES;
				CLANG_WARN_BOOL_CONVERSION = YES;
				CLANG_WARN_COMMA = YES;
				CLANG_WARN_CONSTANT_CONVERSION = YES;
				CLANG_WARN_DEPRECATED_OBJC_IMPLEMENTATIONS = YES;
				CLANG_WARN_DIRECT_OBJC_ISA_USAGE = YES_ERROR;
				CLANG_WARN_DOCUMENTATION_COMMENTS = YES;
				CLANG_WARN_EMPTY_BODY = YES;
				CLANG_WARN_ENUM_CONVERSION = YES;
				CLANG_WARN_INFINITE_RECURSION = YES;
				CLANG_WARN_INT_CONVERSION = YES;
				CLANG_WARN_NON_LITERAL_NULL_CONVERSION = YES;
				CLANG_WARN_OBJC_IMPLICIT_RETAIN_SELF = YES;
				CLANG_WARN_OBJC_LITERAL_CONVERSION = YES;
				CLANG_WARN_OBJC_ROOT_CLASS = YES_ERROR;
				CLANG_WARN_RANGE_LOOP_ANALYSIS = YES;
				CLANG_WARN_STRICT_PROTOTYPES = YES;
				CLANG_WARN_SUSPICIOUS_MOVE = YES;
				CLANG_WARN_UNGUARDED_AVAILABILITY = YES_AGGRESSIVE;
				CLANG_WARN_UNREACHABLE_CODE = YES;
				CLANG_WARN__DUPLICATE_METHOD_MATCH = YES;
				CODE_SIGN_IDENTITY = "iPhone Developer";
				COPY_PHASE_STRIP = NO;
				DEBUG_INFORMATION_FORMAT = "dwarf-with-dsym";
				ENABLE_NS_ASSERTIONS = NO;
				ENABLE_STRICT_OBJC_MSGSEND = YES;
				GCC_C_LANGUAGE_STANDARD = gnu11;
				GCC_NO_COMMON_BLOCKS = YES;
				GCC_WARN_64_TO_32_BIT_CONVERSION = YES;
				GCC_WARN_ABOUT_RETURN_TYPE = YES_ERROR;
				GCC_WARN_UNDECLARED_SELECTOR = YES;
				GCC_WARN_UNINITIALIZED_AUTOS = YES_AGGRESSIVE;
				GCC_WARN_UNUSED_FUNCTION = YES;
				GCC_WARN_UNUSED_VARIABLE = YES;
				IPHONEOS_DEPLOYMENT_TARGET = 11.4;
				MTL_ENABLE_DEBUG_INFO = NO;
				SDKROOT = iphoneos;
				SWIFT_COMPILATION_MODE = wholemodule;
				SWIFT_OPTIMIZATION_LEVEL = "-O";
				VALIDATE_PRODUCT = YES;
			};
			name = Release;
		};
		730448AE216B8E45006B233A /* Debug */ = {
			isa = XCBuildConfiguration;
			buildSettings = {
				ASSETCATALOG_COMPILER_APPICON_NAME = AppIcon;
				CODE_SIGN_STYLE = Automatic;
				INFOPLIST_FILE = DAY05/Info.plist;
				LD_RUNPATH_SEARCH_PATHS = (
					"$(inherited)",
					"@executable_path/Frameworks",
				);
				PRODUCT_BUNDLE_IDENTIFIER = za.wethincode.DAY05;
				PRODUCT_NAME = "$(TARGET_NAME)";
				SWIFT_VERSION = 4.0;
				TARGETED_DEVICE_FAMILY = "1,2";
			};
			name = Debug;
		};
		730448AF216B8E45006B233A /* Release */ = {
			isa = XCBuildConfiguration;
			buildSettings = {
				ASSETCATALOG_COMPILER_APPICON_NAME = AppIcon;
				CODE_SIGN_STYLE = Automatic;
				INFOPLIST_FILE = DAY05/Info.plist;
				LD_RUNPATH_SEARCH_PATHS = (
					"$(inherited)",
					"@executable_path/Frameworks",
				);
				PRODUCT_BUNDLE_IDENTIFIER = za.wethincode.DAY05;
				PRODUCT_NAME = "$(TARGET_NAME)";
				SWIFT_VERSION = 4.0;
				TARGETED_DEVICE_FAMILY = "1,2";
			};
			name = Release;
		};
/* End XCBuildConfiguration section */

/* Begin XCConfigurationList section */
		73044894216B8E43006B233A /* Build configuration list for PBXProject "DAY05" */ = {
			isa = XCConfigurationList;
			buildConfigurations = (
				730448AB216B8E45006B233A /* Debug */,
				730448AC216B8E45006B233A /* Release */,
			);
			defaultConfigurationIsVisible = 0;
			defaultConfigurationName = Release;
		};
		730448AD216B8E45006B233A /* Build configuration list for PBXNativeTarget "DAY05" */ = {
			isa = XCConfigurationList;
			buildConfigurations = (
				730448AE216B8E45006B233A /* Debug */,
				730448AF216B8E45006B233A /* Release */,
			);
			defaultConfigurationIsVisible = 0;
			defaultConfigurationName = Release;
		};
/* End XCConfigurationList section */
	};
	rootObject = 73044891216B8E43006B233A /* Project object */;
}
